
Microsoft Visual Studio Solution File, Format Version 12.00
# Visual Studio 2012
Project("{F184B08F-C81C-45F6-A57F-5ABD9991F28F}") = "TravelAPiAPP", "TravelAPiAPP.vbproj", "{D4700438-ED96-4E70-B76F-FCC30C26C0BB}"
EndProject
Global
	GlobalSection(SolutionConfigurationPlatforms) = preSolution
		Debug|Any CPU = Debug|Any CPU
		Release|Any CPU = Release|Any CPU
	EndGlobalSection
	GlobalSection(ProjectConfigurationPlatforms) = postSolution
		{D4700438-ED96-4E70-B76F-FCC30C26C0BB}.Debug|Any CPU.ActiveCfg = Debug|Any CPU
		{D4700438-ED96-4E70-B76F-FCC30C26C0BB}.Debug|Any CPU.Build.0 = Debug|Any CPU
		{D4700438-ED96-4E70-B76F-FCC30C26C0BB}.Release|Any CPU.ActiveCfg = Release|Any CPU
		{D4700438-ED96-4E70-B76F-FCC30C26C0BB}.Release|Any CPU.Build.0 = Release|Any CPU
	EndGlobalSection
	GlobalSection(SolutionProperties) = preSolution
		HideSolutionNode = FALSE
	EndGlobalSection
EndGlobal
